
Microsoft Visual Studio Solution File, Format Version 11.00
# Visual Studio 2010
Project("{FAE04EC0-301F-11D3-BF4B-00C04F79EFBC}") = "Networking", "Networking\Networking.csproj", "{DCD91C2C-5365-4BF6-BD7F-BDD1A1626472}"
EndProject
Project("{FAE04EC0-301F-11D3-BF4B-00C04F79EFBC}") = "ServerTest", "ServerTest\ServerTest.csproj", "{7FF88AE0-DF34-4600-A07C-F6BA70326925}"
EndProject
Project("{FAE04EC0-301F-11D3-BF4B-00C04F79EFBC}") = "ClientTest", "ClientTest\ClientTest.csproj", "{A08B4B2E-99CF-437A-B7CB-DBECD1E31F32}"
EndProject
Project("{FAE04EC0-301F-11D3-BF4B-00C04F79EFBC}") = "LogReader", "LogReader\LogReader.csproj", "{6A64719E-7034-496F-8947-F9C5113DAC3C}"
EndProject
Project("{FAE04EC0-301F-11D3-BF4B-00C04F79EFBC}") = "LogReaderTest", "LogReaderTest\LogReaderTest.csproj", "{CD6EEC0A-0A26-4715-8D8C-B58BE1D1556F}"
EndProject
Project("{FAE04EC0-301F-11D3-BF4B-00C04F79EFBC}") = "ServerTest2", "ServerTest2\ServerTest2.csproj", "{0B992053-5D48-4998-87EF-3C5F78C46580}"
EndProject
Project("{FAE04EC0-301F-11D3-BF4B-00C04F79EFBC}") = "LogProcessors", "LogProcessors\LogProcessors.csproj", "{DE90DBAA-2F31-47DC-9066-33F2AD5A49F4}"
EndProject
Project("{FAE04EC0-301F-11D3-BF4B-00C04F79EFBC}") = "LogStorage", "LogStorage\LogStorage.csproj", "{6120B590-852B-49C0-A114-6B888C58357D}"
EndProject
Project("{FAE04EC0-301F-11D3-BF4B-00C04F79EFBC}") = "ParsedLogIndexer", "ParsedLogIndexer\ParsedLogIndexer.csproj", "{F5D3047A-DF9D-4E69-B7B5-8B9FBCE7D459}"
EndProject
Project("{FAE04EC0-301F-11D3-BF4B-00C04F79EFBC}") = "LogSorter", "LogSorter\LogSorter.csproj", "{6A8E0C46-A2A6-4401-B502-0FBBA10FB599}"
EndProject
Project("{FAE04EC0-301F-11D3-BF4B-00C04F79EFBC}") = "LogManagerService", "LogManagerService\LogManagerService.csproj", "{ABCEA6EE-9753-4314-B574-27510A163ACF}"
EndProject
Project("{FAE04EC0-301F-11D3-BF4B-00C04F79EFBC}") = "ExtractLogs", "ExtractLogs\ExtractLogs.csproj", "{12587074-B69F-44A8-8153-29C5267FF36D}"
EndProject
Project("{FAE04EC0-301F-11D3-BF4B-00C04F79EFBC}") = "Common", "Common\Common.csproj", "{BB36D140-5AAB-44C4-8135-C404F514BD83}"
EndProject
Project("{FAE04EC0-301F-11D3-BF4B-00C04F79EFBC}") = "IndexUploader", "IndexUploader\IndexUploader.csproj", "{1DFE5F27-3AD1-44D7-B6EB-7D9BEAA54109}"
EndProject
Global
	GlobalSection(SolutionConfigurationPlatforms) = preSolution
		Debug|Any CPU = Debug|Any CPU
		Debug|Mixed Platforms = Debug|Mixed Platforms
		Debug|x86 = Debug|x86
		Release|Any CPU = Release|Any CPU
		Release|Mixed Platforms = Release|Mixed Platforms
		Release|x86 = Release|x86
	EndGlobalSection
	GlobalSection(ProjectConfigurationPlatforms) = postSolution
		{DCD91C2C-5365-4BF6-BD7F-BDD1A1626472}.Debug|Any CPU.ActiveCfg = Debug|Any CPU
		{DCD91C2C-5365-4BF6-BD7F-BDD1A1626472}.Debug|Any CPU.Build.0 = Debug|Any CPU
		{DCD91C2C-5365-4BF6-BD7F-BDD1A1626472}.Debug|Mixed Platforms.ActiveCfg = Debug|Any CPU
		{DCD91C2C-5365-4BF6-BD7F-BDD1A1626472}.Debug|Mixed Platforms.Build.0 = Debug|Any CPU
		{DCD91C2C-5365-4BF6-BD7F-BDD1A1626472}.Debug|x86.ActiveCfg = Debug|Any CPU
		{DCD91C2C-5365-4BF6-BD7F-BDD1A1626472}.Release|Any CPU.ActiveCfg = Release|Any CPU
		{DCD91C2C-5365-4BF6-BD7F-BDD1A1626472}.Release|Any CPU.Build.0 = Release|Any CPU
		{DCD91C2C-5365-4BF6-BD7F-BDD1A1626472}.Release|Mixed Platforms.ActiveCfg = Release|Any CPU
		{DCD91C2C-5365-4BF6-BD7F-BDD1A1626472}.Release|Mixed Platforms.Build.0 = Release|Any CPU
		{DCD91C2C-5365-4BF6-BD7F-BDD1A1626472}.Release|x86.ActiveCfg = Release|Any CPU
		{7FF88AE0-DF34-4600-A07C-F6BA70326925}.Debug|Any CPU.ActiveCfg = Debug|Any CPU
		{7FF88AE0-DF34-4600-A07C-F6BA70326925}.Debug|Any CPU.Build.0 = Debug|Any CPU
		{7FF88AE0-DF34-4600-A07C-F6BA70326925}.Debug|Mixed Platforms.ActiveCfg = Debug|x86
		{7FF88AE0-DF34-4600-A07C-F6BA70326925}.Debug|Mixed Platforms.Build.0 = Debug|x86
		{7FF88AE0-DF34-4600-A07C-F6BA70326925}.Debug|x86.ActiveCfg = Debug|x86
		{7FF88AE0-DF34-4600-A07C-F6BA70326925}.Debug|x86.Build.0 = Debug|x86
		{7FF88AE0-DF34-4600-A07C-F6BA70326925}.Release|Any CPU.ActiveCfg = Release|Any CPU
		{7FF88AE0-DF34-4600-A07C-F6BA70326925}.Release|Any CPU.Build.0 = Release|Any CPU
		{7FF88AE0-DF34-4600-A07C-F6BA70326925}.Release|Mixed Platforms.ActiveCfg = Release|x86
		{7FF88AE0-DF34-4600-A07C-F6BA70326925}.Release|Mixed Platforms.Build.0 = Release|x86
		{7FF88AE0-DF34-4600-A07C-F6BA70326925}.Release|x86.ActiveCfg = Release|x86
		{7FF88AE0-DF34-4600-A07C-F6BA70326925}.Release|x86.Build.0 = Release|x86
		{A08B4B2E-99CF-437A-B7CB-DBECD1E31F32}.Debug|Any CPU.ActiveCfg = Debug|Any CPU
		{A08B4B2E-99CF-437A-B7CB-DBECD1E31F32}.Debug|Any CPU.Build.0 = Debug|Any CPU
		{A08B4B2E-99CF-437A-B7CB-DBECD1E31F32}.Debug|Mixed Platforms.ActiveCfg = Debug|x86
		{A08B4B2E-99CF-437A-B7CB-DBECD1E31F32}.Debug|Mixed Platforms.Build.0 = Debug|x86
		{A08B4B2E-99CF-437A-B7CB-DBECD1E31F32}.Debug|x86.ActiveCfg = Debug|x86
		{A08B4B2E-99CF-437A-B7CB-DBECD1E31F32}.Debug|x86.Build.0 = Debug|x86
		{A08B4B2E-99CF-437A-B7CB-DBECD1E31F32}.Release|Any CPU.ActiveCfg = Release|Any CPU
		{A08B4B2E-99CF-437A-B7CB-DBECD1E31F32}.Release|Any CPU.Build.0 = Release|Any CPU
		{A08B4B2E-99CF-437A-B7CB-DBECD1E31F32}.Release|Mixed Platforms.ActiveCfg = Release|x86
		{A08B4B2E-99CF-437A-B7CB-DBECD1E31F32}.Release|Mixed Platforms.Build.0 = Release|x86
		{A08B4B2E-99CF-437A-B7CB-DBECD1E31F32}.Release|x86.ActiveCfg = Release|x86
		{A08B4B2E-99CF-437A-B7CB-DBECD1E31F32}.Release|x86.Build.0 = Release|x86
		{6A64719E-7034-496F-8947-F9C5113DAC3C}.Debug|Any CPU.ActiveCfg = Debug|Any CPU
		{6A64719E-7034-496F-8947-F9C5113DAC3C}.Debug|Any CPU.Build.0 = Debug|Any CPU
		{6A64719E-7034-496F-8947-F9C5113DAC3C}.Debug|Mixed Platforms.ActiveCfg = Debug|Any CPU
		{6A64719E-7034-496F-8947-F9C5113DAC3C}.Debug|Mixed Platforms.Build.0 = Debug|Any CPU
		{6A64719E-7034-496F-8947-F9C5113DAC3C}.Debug|x86.ActiveCfg = Debug|Any CPU
		{6A64719E-7034-496F-8947-F9C5113DAC3C}.Release|Any CPU.ActiveCfg = Release|Any CPU
		{6A64719E-7034-496F-8947-F9C5113DAC3C}.Release|Any CPU.Build.0 = Release|Any CPU
		{6A64719E-7034-496F-8947-F9C5113DAC3C}.Release|Mixed Platforms.ActiveCfg = Release|Any CPU
		{6A64719E-7034-496F-8947-F9C5113DAC3C}.Release|Mixed Platforms.Build.0 = Release|Any CPU
		{6A64719E-7034-496F-8947-F9C5113DAC3C}.Release|x86.ActiveCfg = Release|Any CPU
		{CD6EEC0A-0A26-4715-8D8C-B58BE1D1556F}.Debug|Any CPU.ActiveCfg = Debug|Any CPU
		{CD6EEC0A-0A26-4715-8D8C-B58BE1D1556F}.Debug|Any CPU.Build.0 = Debug|Any CPU
		{CD6EEC0A-0A26-4715-8D8C-B58BE1D1556F}.Debug|Mixed Platforms.ActiveCfg = Debug|x86
		{CD6EEC0A-0A26-4715-8D8C-B58BE1D1556F}.Debug|Mixed Platforms.Build.0 = Debug|x86
		{CD6EEC0A-0A26-4715-8D8C-B58BE1D1556F}.Debug|x86.ActiveCfg = Debug|x86
		{CD6EEC0A-0A26-4715-8D8C-B58BE1D1556F}.Debug|x86.Build.0 = Debug|x86
		{CD6EEC0A-0A26-4715-8D8C-B58BE1D1556F}.Release|Any CPU.ActiveCfg = Release|Any CPU
		{CD6EEC0A-0A26-4715-8D8C-B58BE1D1556F}.Release|Any CPU.Build.0 = Release|Any CPU
		{CD6EEC0A-0A26-4715-8D8C-B58BE1D1556F}.Release|Mixed Platforms.ActiveCfg = Release|x86
		{CD6EEC0A-0A26-4715-8D8C-B58BE1D1556F}.Release|Mixed Platforms.Build.0 = Release|x86
		{CD6EEC0A-0A26-4715-8D8C-B58BE1D1556F}.Release|x86.ActiveCfg = Release|x86
		{CD6EEC0A-0A26-4715-8D8C-B58BE1D1556F}.Release|x86.Build.0 = Release|x86
		{0B992053-5D48-4998-87EF-3C5F78C46580}.Debug|Any CPU.ActiveCfg = Debug|Any CPU
		{0B992053-5D48-4998-87EF-3C5F78C46580}.Debug|Any CPU.Build.0 = Debug|Any CPU
		{0B992053-5D48-4998-87EF-3C5F78C46580}.Debug|Mixed Platforms.ActiveCfg = Debug|x86
		{0B992053-5D48-4998-87EF-3C5F78C46580}.Debug|Mixed Platforms.Build.0 = Debug|x86
		{0B992053-5D48-4998-87EF-3C5F78C46580}.Debug|x86.ActiveCfg = Debug|x86
		{0B992053-5D48-4998-87EF-3C5F78C46580}.Debug|x86.Build.0 = Debug|x86
		{0B992053-5D48-4998-87EF-3C5F78C46580}.Release|Any CPU.ActiveCfg = Release|Any CPU
		{0B992053-5D48-4998-87EF-3C5F78C46580}.Release|Any CPU.Build.0 = Release|Any CPU
		{0B992053-5D48-4998-87EF-3C5F78C46580}.Release|Mixed Platforms.ActiveCfg = Release|x86
		{0B992053-5D48-4998-87EF-3C5F78C46580}.Release|Mixed Platforms.Build.0 = Release|x86
		{0B992053-5D48-4998-87EF-3C5F78C46580}.Release|x86.ActiveCfg = Release|x86
		{0B992053-5D48-4998-87EF-3C5F78C46580}.Release|x86.Build.0 = Release|x86
		{DE90DBAA-2F31-47DC-9066-33F2AD5A49F4}.Debug|Any CPU.ActiveCfg = Debug|Any CPU
		{DE90DBAA-2F31-47DC-9066-33F2AD5A49F4}.Debug|Any CPU.Build.0 = Debug|Any CPU
		{DE90DBAA-2F31-47DC-9066-33F2AD5A49F4}.Debug|Mixed Platforms.ActiveCfg = Debug|Any CPU
		{DE90DBAA-2F31-47DC-9066-33F2AD5A49F4}.Debug|Mixed Platforms.Build.0 = Debug|Any CPU
		{DE90DBAA-2F31-47DC-9066-33F2AD5A49F4}.Debug|x86.ActiveCfg = Debug|Any CPU
		{DE90DBAA-2F31-47DC-9066-33F2AD5A49F4}.Release|Any CPU.ActiveCfg = Release|Any CPU
		{DE90DBAA-2F31-47DC-9066-33F2AD5A49F4}.Release|Any CPU.Build.0 = Release|Any CPU
		{DE90DBAA-2F31-47DC-9066-33F2AD5A49F4}.Release|Mixed Platforms.ActiveCfg = Release|Any CPU
		{DE90DBAA-2F31-47DC-9066-33F2AD5A49F4}.Release|Mixed Platforms.Build.0 = Release|Any CPU
		{DE90DBAA-2F31-47DC-9066-33F2AD5A49F4}.Release|x86.ActiveCfg = Release|Any CPU
		{6120B590-852B-49C0-A114-6B888C58357D}.Debug|Any CPU.ActiveCfg = Debug|Any CPU
		{6120B590-852B-49C0-A114-6B888C58357D}.Debug|Any CPU.Build.0 = Debug|Any CPU
		{6120B590-852B-49C0-A114-6B888C58357D}.Debug|Mixed Platforms.ActiveCfg = Debug|Any CPU
		{6120B590-852B-49C0-A114-6B888C58357D}.Debug|Mixed Platforms.Build.0 = Debug|Any CPU
		{6120B590-852B-49C0-A114-6B888C58357D}.Debug|x86.ActiveCfg = Debug|Any CPU
		{6120B590-852B-49C0-A114-6B888C58357D}.Release|Any CPU.ActiveCfg = Release|Any CPU
		{6120B590-852B-49C0-A114-6B888C58357D}.Release|Any CPU.Build.0 = Release|Any CPU
		{6120B590-852B-49C0-A114-6B888C58357D}.Release|Mixed Platforms.ActiveCfg = Release|Any CPU
		{6120B590-852B-49C0-A114-6B888C58357D}.Release|Mixed Platforms.Build.0 = Release|Any CPU
		{6120B590-852B-49C0-A114-6B888C58357D}.Release|x86.ActiveCfg = Release|Any CPU
		{F5D3047A-DF9D-4E69-B7B5-8B9FBCE7D459}.Debug|Any CPU.ActiveCfg = Debug|Any CPU
		{F5D3047A-DF9D-4E69-B7B5-8B9FBCE7D459}.Debug|Any CPU.Build.0 = Debug|Any CPU
		{F5D3047A-DF9D-4E69-B7B5-8B9FBCE7D459}.Debug|Mixed Platforms.ActiveCfg = Debug|x86
		{F5D3047A-DF9D-4E69-B7B5-8B9FBCE7D459}.Debug|Mixed Platforms.Build.0 = Debug|x86
		{F5D3047A-DF9D-4E69-B7B5-8B9FBCE7D459}.Debug|x86.ActiveCfg = Debug|x86
		{F5D3047A-DF9D-4E69-B7B5-8B9FBCE7D459}.Debug|x86.Build.0 = Debug|x86
		{F5D3047A-DF9D-4E69-B7B5-8B9FBCE7D459}.Release|Any CPU.ActiveCfg = Release|Any CPU
		{F5D3047A-DF9D-4E69-B7B5-8B9FBCE7D459}.Release|Any CPU.Build.0 = Release|Any CPU
		{F5D3047A-DF9D-4E69-B7B5-8B9FBCE7D459}.Release|Mixed Platforms.ActiveCfg = Release|x86
		{F5D3047A-DF9D-4E69-B7B5-8B9FBCE7D459}.Release|Mixed Platforms.Build.0 = Release|x86
		{F5D3047A-DF9D-4E69-B7B5-8B9FBCE7D459}.Release|x86.ActiveCfg = Release|x86
		{F5D3047A-DF9D-4E69-B7B5-8B9FBCE7D459}.Release|x86.Build.0 = Release|x86
		{6A8E0C46-A2A6-4401-B502-0FBBA10FB599}.Debug|Any CPU.ActiveCfg = Debug|Any CPU
		{6A8E0C46-A2A6-4401-B502-0FBBA10FB599}.Debug|Any CPU.Build.0 = Debug|Any CPU
		{6A8E0C46-A2A6-4401-B502-0FBBA10FB599}.Debug|Mixed Platforms.ActiveCfg = Debug|x86
		{6A8E0C46-A2A6-4401-B502-0FBBA10FB599}.Debug|Mixed Platforms.Build.0 = Debug|x86
		{6A8E0C46-A2A6-4401-B502-0FBBA10FB599}.Debug|x86.ActiveCfg = Debug|x86
		{6A8E0C46-A2A6-4401-B502-0FBBA10FB599}.Debug|x86.Build.0 = Debug|x86
		{6A8E0C46-A2A6-4401-B502-0FBBA10FB599}.Release|Any CPU.ActiveCfg = Release|Any CPU
		{6A8E0C46-A2A6-4401-B502-0FBBA10FB599}.Release|Any CPU.Build.0 = Release|Any CPU
		{6A8E0C46-A2A6-4401-B502-0FBBA10FB599}.Release|Mixed Platforms.ActiveCfg = Release|x86
		{6A8E0C46-A2A6-4401-B502-0FBBA10FB599}.Release|Mixed Platforms.Build.0 = Release|x86
		{6A8E0C46-A2A6-4401-B502-0FBBA10FB599}.Release|x86.ActiveCfg = Release|x86
		{6A8E0C46-A2A6-4401-B502-0FBBA10FB599}.Release|x86.Build.0 = Release|x86
		{ABCEA6EE-9753-4314-B574-27510A163ACF}.Debug|Any CPU.ActiveCfg = Debug|Any CPU
		{ABCEA6EE-9753-4314-B574-27510A163ACF}.Debug|Any CPU.Build.0 = Debug|Any CPU
		{ABCEA6EE-9753-4314-B574-27510A163ACF}.Debug|Mixed Platforms.ActiveCfg = Debug|x86
		{ABCEA6EE-9753-4314-B574-27510A163ACF}.Debug|Mixed Platforms.Build.0 = Debug|x86
		{ABCEA6EE-9753-4314-B574-27510A163ACF}.Debug|x86.ActiveCfg = Debug|x86
		{ABCEA6EE-9753-4314-B574-27510A163ACF}.Debug|x86.Build.0 = Debug|x86
		{ABCEA6EE-9753-4314-B574-27510A163ACF}.Release|Any CPU.ActiveCfg = Release|Any CPU
		{ABCEA6EE-9753-4314-B574-27510A163ACF}.Release|Any CPU.Build.0 = Release|Any CPU
		{ABCEA6EE-9753-4314-B574-27510A163ACF}.Release|Mixed Platforms.ActiveCfg = Release|x86
		{ABCEA6EE-9753-4314-B574-27510A163ACF}.Release|Mixed Platforms.Build.0 = Release|x86
		{ABCEA6EE-9753-4314-B574-27510A163ACF}.Release|x86.ActiveCfg = Release|x86
		{ABCEA6EE-9753-4314-B574-27510A163ACF}.Release|x86.Build.0 = Release|x86
		{12587074-B69F-44A8-8153-29C5267FF36D}.Debug|Any CPU.ActiveCfg = Debug|Any CPU
		{12587074-B69F-44A8-8153-29C5267FF36D}.Debug|Any CPU.Build.0 = Debug|Any CPU
		{12587074-B69F-44A8-8153-29C5267FF36D}.Debug|Mixed Platforms.ActiveCfg = Debug|x86
		{12587074-B69F-44A8-8153-29C5267FF36D}.Debug|Mixed Platforms.Build.0 = Debug|x86
		{12587074-B69F-44A8-8153-29C5267FF36D}.Debug|x86.ActiveCfg = Debug|x86
		{12587074-B69F-44A8-8153-29C5267FF36D}.Debug|x86.Build.0 = Debug|x86
		{12587074-B69F-44A8-8153-29C5267FF36D}.Release|Any CPU.ActiveCfg = Release|x86
		{12587074-B69F-44A8-8153-29C5267FF36D}.Release|Mixed Platforms.ActiveCfg = Release|x86
		{12587074-B69F-44A8-8153-29C5267FF36D}.Release|Mixed Platforms.Build.0 = Release|x86
		{12587074-B69F-44A8-8153-29C5267FF36D}.Release|x86.ActiveCfg = Release|x86
		{12587074-B69F-44A8-8153-29C5267FF36D}.Release|x86.Build.0 = Release|x86
		{BB36D140-5AAB-44C4-8135-C404F514BD83}.Debug|Any CPU.ActiveCfg = Debug|Any CPU
		{BB36D140-5AAB-44C4-8135-C404F514BD83}.Debug|Any CPU.Build.0 = Debug|Any CPU
		{BB36D140-5AAB-44C4-8135-C404F514BD83}.Debug|Mixed Platforms.ActiveCfg = Debug|Any CPU
		{BB36D140-5AAB-44C4-8135-C404F514BD83}.Debug|Mixed Platforms.Build.0 = Debug|Any CPU
		{BB36D140-5AAB-44C4-8135-C404F514BD83}.Debug|x86.ActiveCfg = Debug|Any CPU
		{BB36D140-5AAB-44C4-8135-C404F514BD83}.Release|Any CPU.ActiveCfg = Release|Any CPU
		{BB36D140-5AAB-44C4-8135-C404F514BD83}.Release|Any CPU.Build.0 = Release|Any CPU
		{BB36D140-5AAB-44C4-8135-C404F514BD83}.Release|Mixed Platforms.ActiveCfg = Release|Any CPU
		{BB36D140-5AAB-44C4-8135-C404F514BD83}.Release|Mixed Platforms.Build.0 = Release|Any CPU
		{BB36D140-5AAB-44C4-8135-C404F514BD83}.Release|x86.ActiveCfg = Release|Any CPU
		{1DFE5F27-3AD1-44D7-B6EB-7D9BEAA54109}.Debug|Any CPU.ActiveCfg = Debug|Any CPU
		{1DFE5F27-3AD1-44D7-B6EB-7D9BEAA54109}.Debug|Any CPU.Build.0 = Debug|Any CPU
		{1DFE5F27-3AD1-44D7-B6EB-7D9BEAA54109}.Debug|Mixed Platforms.ActiveCfg = Debug|x86
		{1DFE5F27-3AD1-44D7-B6EB-7D9BEAA54109}.Debug|Mixed Platforms.Build.0 = Debug|x86
		{1DFE5F27-3AD1-44D7-B6EB-7D9BEAA54109}.Debug|x86.ActiveCfg = Debug|x86
		{1DFE5F27-3AD1-44D7-B6EB-7D9BEAA54109}.Debug|x86.Build.0 = Debug|x86
		{1DFE5F27-3AD1-44D7-B6EB-7D9BEAA54109}.Release|Any CPU.ActiveCfg = Release|x86
		{1DFE5F27-3AD1-44D7-B6EB-7D9BEAA54109}.Release|Mixed Platforms.ActiveCfg = Release|x86
		{1DFE5F27-3AD1-44D7-B6EB-7D9BEAA54109}.Release|Mixed Platforms.Build.0 = Release|x86
		{1DFE5F27-3AD1-44D7-B6EB-7D9BEAA54109}.Release|x86.ActiveCfg = Release|x86
		{1DFE5F27-3AD1-44D7-B6EB-7D9BEAA54109}.Release|x86.Build.0 = Release|x86
	EndGlobalSection
	GlobalSection(SolutionProperties) = preSolution
		HideSolutionNode = FALSE
	EndGlobalSection
EndGlobal
